
Microsoft Visual Studio Solution File, Format Version 12.00
Project("{FAE04EC0-301F-11D3-BF4B-00C04F79EFBC}") = "WireGuardTools", "WireGuardTools\WireGuardTools.csproj", "{207CCB79-0043-4250-B897-9B8EBEB485DA}"
EndProject
Project("{FAE04EC0-301F-11D3-BF4B-00C04F79EFBC}") = "Demo", "Demo\Demo.csproj", "{D02A2CB8-DCD2-41DE-96CF-02FE77306F0B}"
EndProject
Global
	GlobalSection(SolutionConfigurationPlatforms) = preSolution
		Debug|Any CPU = Debug|Any CPU
		Release|Any CPU = Release|Any CPU
	EndGlobalSection
	GlobalSection(ProjectConfigurationPlatforms) = postSolution
		{207CCB79-0043-4250-B897-9B8EBEB485DA}.Debug|Any CPU.ActiveCfg = Debug|Any CPU
		{207CCB79-0043-4250-B897-9B8EBEB485DA}.Debug|Any CPU.Build.0 = Debug|Any CPU
		{207CCB79-0043-4250-B897-9B8EBEB485DA}.Release|Any CPU.ActiveCfg = Release|Any CPU
		{207CCB79-0043-4250-B897-9B8EBEB485DA}.Release|Any CPU.Build.0 = Release|Any CPU
		{D02A2CB8-DCD2-41DE-96CF-02FE77306F0B}.Debug|Any CPU.ActiveCfg = Debug|Any CPU
		{D02A2CB8-DCD2-41DE-96CF-02FE77306F0B}.Debug|Any CPU.Build.0 = Debug|Any CPU
		{D02A2CB8-DCD2-41DE-96CF-02FE77306F0B}.Release|Any CPU.ActiveCfg = Release|Any CPU
		{D02A2CB8-DCD2-41DE-96CF-02FE77306F0B}.Release|Any CPU.Build.0 = Release|Any CPU
	EndGlobalSection
EndGlobal
