
Microsoft Visual Studio Solution File, Format Version 12.00
Project("{FAE04EC0-301F-11D3-BF4B-00C04F79EFBC}") = "WireGuardTools", "WireGuardTools\WireGuardTools.csproj", "{566E0E42-3EA6-4258-A55D-88A94C113967}"
EndProject
Project("{FAE04EC0-301F-11D3-BF4B-00C04F79EFBC}") = "Test", "Test\Test.csproj", "{6CDE2C17-F610-441A-9358-DEE8AAEB31A1}"
EndProject
Global
	GlobalSection(SolutionConfigurationPlatforms) = preSolution
		Debug|Any CPU = Debug|Any CPU
		Release|Any CPU = Release|Any CPU
	EndGlobalSection
	GlobalSection(ProjectConfigurationPlatforms) = postSolution
		{566E0E42-3EA6-4258-A55D-88A94C113967}.Debug|Any CPU.ActiveCfg = Debug|Any CPU
		{566E0E42-3EA6-4258-A55D-88A94C113967}.Debug|Any CPU.Build.0 = Debug|Any CPU
		{566E0E42-3EA6-4258-A55D-88A94C113967}.Release|Any CPU.ActiveCfg = Release|Any CPU
		{566E0E42-3EA6-4258-A55D-88A94C113967}.Release|Any CPU.Build.0 = Release|Any CPU
		{6CDE2C17-F610-441A-9358-DEE8AAEB31A1}.Debug|Any CPU.ActiveCfg = Debug|Any CPU
		{6CDE2C17-F610-441A-9358-DEE8AAEB31A1}.Debug|Any CPU.Build.0 = Debug|Any CPU
		{6CDE2C17-F610-441A-9358-DEE8AAEB31A1}.Release|Any CPU.ActiveCfg = Release|Any CPU
		{6CDE2C17-F610-441A-9358-DEE8AAEB31A1}.Release|Any CPU.Build.0 = Release|Any CPU
	EndGlobalSection
EndGlobal
